
Microsoft Visual Studio Solution File, Format Version 12.00
# Visual Studio Version 17
VisualStudioVersion = 17.6.33829.357
MinimumVisualStudioVersion = 10.0.40219.1
Project("{2150E333-8FDC-42A3-9474-1A3956D46DE8}") = "Dll", "Dll", "{5D7048F9-D88C-4767-945E-A2ACDA02BB5E}"
EndProject
Project("{2150E333-8FDC-42A3-9474-1A3956D46DE8}") = "Éléments de solution", "Éléments de solution", "{969E1580-330F-497A-9672-DE67925D267F}"
	ProjectSection(SolutionItems) = preProject
		.editorconfig = .editorconfig
		Directory.Build.props = Directory.Build.props
		.github\workflows\dotnet.yml = .github\workflows\dotnet.yml
		Galactic-Shrine.sln.licenseheader = Galactic-Shrine.sln.licenseheader
		LICENSE.md = LICENSE.md
		README.md = README.md
	EndProjectSection
EndProject
Project("{9A19103F-16F7-4668-BE54-9A1E7A4F7556}") = "GalacticShrine.Toolkit", "Source\Dll\GalacticShrine.Toolkit\GalacticShrine.Toolkit.csproj", "{BB910D26-34B0-4649-87EB-77B1992A4879}"
EndProject
Project("{9A19103F-16F7-4668-BE54-9A1E7A4F7556}") = "GalacticShrine.Toolkit.Update", "Source\Dll\GalacticShrine.Toolkit.Update\GalacticShrine.Toolkit.Update.csproj", "{69AEDAD5-D6D5-411B-9433-A0742282BF81}"
EndProject
Project("{9A19103F-16F7-4668-BE54-9A1E7A4F7556}") = "GalacticShrine", "Source\Dll\GalacticShrine\GalacticShrine.csproj", "{EA13153D-1EBD-4F08-8F24-F29B4A539CB2}"
EndProject
Project("{2150E333-8FDC-42A3-9474-1A3956D46DE8}") = "Programs", "Programs", "{00A3FB4F-6E18-4603-94E1-79F859BDDE41}"
EndProject
Project("{2150E333-8FDC-42A3-9474-1A3956D46DE8}") = "Test", "Test", "{6B0783D7-957A-47AC-B91C-8DD2C2C5AA6C}"
EndProject
Project("{9A19103F-16F7-4668-BE54-9A1E7A4F7556}") = "TerminalTest", "Source\Test\TerminalTest\TerminalTest.csproj", "{E2A7970E-D27B-4641-A63F-7E4E60F7D980}"
EndProject
Project("{9A19103F-16F7-4668-BE54-9A1E7A4F7556}") = "GalacticShrine.Database", "Source\Dll\GalacticShrine.Database\GalacticShrine.Database.csproj", "{C707CFC2-C457-4EAB-A2C5-6C4211E67583}"
EndProject
Global
	GlobalSection(SolutionConfigurationPlatforms) = preSolution
		Debug|Any CPU = Debug|Any CPU
		Debug|arm = Debug|arm
		Debug|arm64 = Debug|arm64
		Debug|x64 = Debug|x64
		Debug|x86 = Debug|x86
		Release|Any CPU = Release|Any CPU
		Release|arm = Release|arm
		Release|arm64 = Release|arm64
		Release|x64 = Release|x64
		Release|x86 = Release|x86
	EndGlobalSection
	GlobalSection(ProjectConfigurationPlatforms) = postSolution
		{BB910D26-34B0-4649-87EB-77B1992A4879}.Debug|Any CPU.ActiveCfg = Debug|Any CPU
		{BB910D26-34B0-4649-87EB-77B1992A4879}.Debug|Any CPU.Build.0 = Debug|Any CPU
		{BB910D26-34B0-4649-87EB-77B1992A4879}.Debug|arm.ActiveCfg = Debug|arm
		{BB910D26-34B0-4649-87EB-77B1992A4879}.Debug|arm.Build.0 = Debug|arm
		{BB910D26-34B0-4649-87EB-77B1992A4879}.Debug|arm64.ActiveCfg = Debug|arm64
		{BB910D26-34B0-4649-87EB-77B1992A4879}.Debug|arm64.Build.0 = Debug|arm64
		{BB910D26-34B0-4649-87EB-77B1992A4879}.Debug|x64.ActiveCfg = Debug|x64
		{BB910D26-34B0-4649-87EB-77B1992A4879}.Debug|x64.Build.0 = Debug|x64
		{BB910D26-34B0-4649-87EB-77B1992A4879}.Debug|x86.ActiveCfg = Debug|x86
		{BB910D26-34B0-4649-87EB-77B1992A4879}.Debug|x86.Build.0 = Debug|x86
		{BB910D26-34B0-4649-87EB-77B1992A4879}.Release|Any CPU.ActiveCfg = Release|Any CPU
		{BB910D26-34B0-4649-87EB-77B1992A4879}.Release|Any CPU.Build.0 = Release|Any CPU
		{BB910D26-34B0-4649-87EB-77B1992A4879}.Release|arm.ActiveCfg = Release|arm
		{BB910D26-34B0-4649-87EB-77B1992A4879}.Release|arm.Build.0 = Release|arm
		{BB910D26-34B0-4649-87EB-77B1992A4879}.Release|arm64.ActiveCfg = Release|arm64
		{BB910D26-34B0-4649-87EB-77B1992A4879}.Release|arm64.Build.0 = Release|arm64
		{BB910D26-34B0-4649-87EB-77B1992A4879}.Release|x64.ActiveCfg = Release|x64
		{BB910D26-34B0-4649-87EB-77B1992A4879}.Release|x64.Build.0 = Release|x64
		{BB910D26-34B0-4649-87EB-77B1992A4879}.Release|x86.ActiveCfg = Release|x86
		{BB910D26-34B0-4649-87EB-77B1992A4879}.Release|x86.Build.0 = Release|x86
		{69AEDAD5-D6D5-411B-9433-A0742282BF81}.Debug|Any CPU.ActiveCfg = Debug|Any CPU
		{69AEDAD5-D6D5-411B-9433-A0742282BF81}.Debug|Any CPU.Build.0 = Debug|Any CPU
		{69AEDAD5-D6D5-411B-9433-A0742282BF81}.Debug|arm.ActiveCfg = Debug|arm
		{69AEDAD5-D6D5-411B-9433-A0742282BF81}.Debug|arm.Build.0 = Debug|arm
		{69AEDAD5-D6D5-411B-9433-A0742282BF81}.Debug|arm64.ActiveCfg = Debug|arm64
		{69AEDAD5-D6D5-411B-9433-A0742282BF81}.Debug|arm64.Build.0 = Debug|arm64
		{69AEDAD5-D6D5-411B-9433-A0742282BF81}.Debug|x64.ActiveCfg = Debug|x64
		{69AEDAD5-D6D5-411B-9433-A0742282BF81}.Debug|x64.Build.0 = Debug|x64
		{69AEDAD5-D6D5-411B-9433-A0742282BF81}.Debug|x86.ActiveCfg = Debug|x86
		{69AEDAD5-D6D5-411B-9433-A0742282BF81}.Debug|x86.Build.0 = Debug|x86
		{69AEDAD5-D6D5-411B-9433-A0742282BF81}.Release|Any CPU.ActiveCfg = Release|Any CPU
		{69AEDAD5-D6D5-411B-9433-A0742282BF81}.Release|Any CPU.Build.0 = Release|Any CPU
		{69AEDAD5-D6D5-411B-9433-A0742282BF81}.Release|arm.ActiveCfg = Release|arm
		{69AEDAD5-D6D5-411B-9433-A0742282BF81}.Release|arm.Build.0 = Release|arm
		{69AEDAD5-D6D5-411B-9433-A0742282BF81}.Release|arm64.ActiveCfg = Release|arm64
		{69AEDAD5-D6D5-411B-9433-A0742282BF81}.Release|arm64.Build.0 = Release|arm64
		{69AEDAD5-D6D5-411B-9433-A0742282BF81}.Release|x64.ActiveCfg = Release|x64
		{69AEDAD5-D6D5-411B-9433-A0742282BF81}.Release|x64.Build.0 = Release|x64
		{69AEDAD5-D6D5-411B-9433-A0742282BF81}.Release|x86.ActiveCfg = Release|x86
		{69AEDAD5-D6D5-411B-9433-A0742282BF81}.Release|x86.Build.0 = Release|x86
		{EA13153D-1EBD-4F08-8F24-F29B4A539CB2}.Debug|Any CPU.ActiveCfg = Debug|Any CPU
		{EA13153D-1EBD-4F08-8F24-F29B4A539CB2}.Debug|Any CPU.Build.0 = Debug|Any CPU
		{EA13153D-1EBD-4F08-8F24-F29B4A539CB2}.Debug|arm.ActiveCfg = Debug|arm
		{EA13153D-1EBD-4F08-8F24-F29B4A539CB2}.Debug|arm.Build.0 = Debug|arm
		{EA13153D-1EBD-4F08-8F24-F29B4A539CB2}.Debug|arm64.ActiveCfg = Debug|arm64
		{EA13153D-1EBD-4F08-8F24-F29B4A539CB2}.Debug|arm64.Build.0 = Debug|arm64
		{EA13153D-1EBD-4F08-8F24-F29B4A539CB2}.Debug|x64.ActiveCfg = Debug|x64
		{EA13153D-1EBD-4F08-8F24-F29B4A539CB2}.Debug|x64.Build.0 = Debug|x64
		{EA13153D-1EBD-4F08-8F24-F29B4A539CB2}.Debug|x86.ActiveCfg = Debug|x86
		{EA13153D-1EBD-4F08-8F24-F29B4A539CB2}.Debug|x86.Build.0 = Debug|x86
		{EA13153D-1EBD-4F08-8F24-F29B4A539CB2}.Release|Any CPU.ActiveCfg = Release|Any CPU
		{EA13153D-1EBD-4F08-8F24-F29B4A539CB2}.Release|Any CPU.Build.0 = Release|Any CPU
		{EA13153D-1EBD-4F08-8F24-F29B4A539CB2}.Release|arm.ActiveCfg = Release|arm
		{EA13153D-1EBD-4F08-8F24-F29B4A539CB2}.Release|arm.Build.0 = Release|arm
		{EA13153D-1EBD-4F08-8F24-F29B4A539CB2}.Release|arm64.ActiveCfg = Release|arm64
		{EA13153D-1EBD-4F08-8F24-F29B4A539CB2}.Release|arm64.Build.0 = Release|arm64
		{EA13153D-1EBD-4F08-8F24-F29B4A539CB2}.Release|x64.ActiveCfg = Release|x64
		{EA13153D-1EBD-4F08-8F24-F29B4A539CB2}.Release|x64.Build.0 = Release|x64
		{EA13153D-1EBD-4F08-8F24-F29B4A539CB2}.Release|x86.ActiveCfg = Release|x86
		{EA13153D-1EBD-4F08-8F24-F29B4A539CB2}.Release|x86.Build.0 = Release|x86
		{E2A7970E-D27B-4641-A63F-7E4E60F7D980}.Debug|Any CPU.ActiveCfg = Debug|Any CPU
		{E2A7970E-D27B-4641-A63F-7E4E60F7D980}.Debug|Any CPU.Build.0 = Debug|Any CPU
		{E2A7970E-D27B-4641-A63F-7E4E60F7D980}.Debug|arm.ActiveCfg = Debug|arm
		{E2A7970E-D27B-4641-A63F-7E4E60F7D980}.Debug|arm.Build.0 = Debug|arm
		{E2A7970E-D27B-4641-A63F-7E4E60F7D980}.Debug|arm64.ActiveCfg = Debug|arm64
		{E2A7970E-D27B-4641-A63F-7E4E60F7D980}.Debug|arm64.Build.0 = Debug|arm64
		{E2A7970E-D27B-4641-A63F-7E4E60F7D980}.Debug|x64.ActiveCfg = Debug|x64
		{E2A7970E-D27B-4641-A63F-7E4E60F7D980}.Debug|x64.Build.0 = Debug|x64
		{E2A7970E-D27B-4641-A63F-7E4E60F7D980}.Debug|x86.ActiveCfg = Debug|x86
		{E2A7970E-D27B-4641-A63F-7E4E60F7D980}.Debug|x86.Build.0 = Debug|x86
		{E2A7970E-D27B-4641-A63F-7E4E60F7D980}.Release|Any CPU.ActiveCfg = Release|Any CPU
		{E2A7970E-D27B-4641-A63F-7E4E60F7D980}.Release|Any CPU.Build.0 = Release|Any CPU
		{E2A7970E-D27B-4641-A63F-7E4E60F7D980}.Release|arm.ActiveCfg = Release|arm
		{E2A7970E-D27B-4641-A63F-7E4E60F7D980}.Release|arm.Build.0 = Release|arm
		{E2A7970E-D27B-4641-A63F-7E4E60F7D980}.Release|arm64.ActiveCfg = Release|arm64
		{E2A7970E-D27B-4641-A63F-7E4E60F7D980}.Release|arm64.Build.0 = Release|arm64
		{E2A7970E-D27B-4641-A63F-7E4E60F7D980}.Release|x64.ActiveCfg = Release|x64
		{E2A7970E-D27B-4641-A63F-7E4E60F7D980}.Release|x64.Build.0 = Release|x64
		{E2A7970E-D27B-4641-A63F-7E4E60F7D980}.Release|x86.ActiveCfg = Release|x86
		{E2A7970E-D27B-4641-A63F-7E4E60F7D980}.Release|x86.Build.0 = Release|x86
		{C707CFC2-C457-4EAB-A2C5-6C4211E67583}.Debug|Any CPU.ActiveCfg = Debug|Any CPU
		{C707CFC2-C457-4EAB-A2C5-6C4211E67583}.Debug|Any CPU.Build.0 = Debug|Any CPU
		{C707CFC2-C457-4EAB-A2C5-6C4211E67583}.Debug|arm.ActiveCfg = Debug|arm
		{C707CFC2-C457-4EAB-A2C5-6C4211E67583}.Debug|arm.Build.0 = Debug|arm
		{C707CFC2-C457-4EAB-A2C5-6C4211E67583}.Debug|arm64.ActiveCfg = Debug|arm64
		{C707CFC2-C457-4EAB-A2C5-6C4211E67583}.Debug|arm64.Build.0 = Debug|arm64
		{C707CFC2-C457-4EAB-A2C5-6C4211E67583}.Debug|x64.ActiveCfg = Debug|x64
		{C707CFC2-C457-4EAB-A2C5-6C4211E67583}.Debug|x64.Build.0 = Debug|x64
		{C707CFC2-C457-4EAB-A2C5-6C4211E67583}.Debug|x86.ActiveCfg = Debug|x86
		{C707CFC2-C457-4EAB-A2C5-6C4211E67583}.Debug|x86.Build.0 = Debug|x86
		{C707CFC2-C457-4EAB-A2C5-6C4211E67583}.Release|Any CPU.ActiveCfg = Release|Any CPU
		{C707CFC2-C457-4EAB-A2C5-6C4211E67583}.Release|Any CPU.Build.0 = Release|Any CPU
		{C707CFC2-C457-4EAB-A2C5-6C4211E67583}.Release|arm.ActiveCfg = Release|arm
		{C707CFC2-C457-4EAB-A2C5-6C4211E67583}.Release|arm.Build.0 = Release|arm
		{C707CFC2-C457-4EAB-A2C5-6C4211E67583}.Release|arm64.ActiveCfg = Release|arm64
		{C707CFC2-C457-4EAB-A2C5-6C4211E67583}.Release|arm64.Build.0 = Release|arm64
		{C707CFC2-C457-4EAB-A2C5-6C4211E67583}.Release|x64.ActiveCfg = Release|x64
		{C707CFC2-C457-4EAB-A2C5-6C4211E67583}.Release|x64.Build.0 = Release|x64
		{C707CFC2-C457-4EAB-A2C5-6C4211E67583}.Release|x86.ActiveCfg = Release|x86
		{C707CFC2-C457-4EAB-A2C5-6C4211E67583}.Release|x86.Build.0 = Release|x86
	EndGlobalSection
	GlobalSection(SolutionProperties) = preSolution
		HideSolutionNode = FALSE
	EndGlobalSection
	GlobalSection(NestedProjects) = preSolution
		{BB910D26-34B0-4649-87EB-77B1992A4879} = {5D7048F9-D88C-4767-945E-A2ACDA02BB5E}
		{69AEDAD5-D6D5-411B-9433-A0742282BF81} = {5D7048F9-D88C-4767-945E-A2ACDA02BB5E}
		{EA13153D-1EBD-4F08-8F24-F29B4A539CB2} = {5D7048F9-D88C-4767-945E-A2ACDA02BB5E}
		{E2A7970E-D27B-4641-A63F-7E4E60F7D980} = {6B0783D7-957A-47AC-B91C-8DD2C2C5AA6C}
		{C707CFC2-C457-4EAB-A2C5-6C4211E67583} = {5D7048F9-D88C-4767-945E-A2ACDA02BB5E}
	EndGlobalSection
	GlobalSection(ExtensibilityGlobals) = postSolution
		SolutionGuid = {A264A22E-5930-4A3F-9C16-55A849B42879}
		RESX_NeutralResourcesLanguage = fr-FR
		RESX_ConfirmAddLanguageFile = True
		RESX_ExcelExportMode = MultipleSheets
		RESX_PrefixTranslations = False
		RESX_AutoCreateNewLanguageFiles = True
	EndGlobalSection
EndGlobal
