
Microsoft Visual Studio Solution File, Format Version 12.00
# Visual Studio Version 17
VisualStudioVersion = 17.13.35913.81
MinimumVisualStudioVersion = 10.0.40219.1
Project("{2150E333-8FDC-42A3-9474-1A3956D46DE8}") = "Dll", "Dll", "{02EA681E-C7D8-13C7-8484-4AC65E1B71E8}"
EndProject
Project("{2150E333-8FDC-42A3-9474-1A3956D46DE8}") = "Programs", "Programs", "{96C9FFD4-7A10-4C8A-8424-3C59C827C5B2}"
EndProject
Project("{2150E333-8FDC-42A3-9474-1A3956D46DE8}") = "Scripte", "Scripte", "{045225B9-9EC4-413D-BE2A-2EBF4E2C305E}"
	ProjectSection(SolutionItems) = preProject
		Scripte\GenerateVersionJson.ps1 = Scripte\GenerateVersionJson.ps1
	EndProjectSection
EndProject
Project("{2150E333-8FDC-42A3-9474-1A3956D46DE8}") = "Éléments de solution", "Éléments de solution", "{B54101C4-4685-4A99-9E8E-23BD244086F2}"
	ProjectSection(SolutionItems) = preProject
		.gitattributes = .gitattributes
		.gitignore = .gitignore
		CHANGELOG.md = CHANGELOG.md
		Directory.Build.props = Directory.Build.props
		Doxyfile.Doxyfile = Doxyfile.Doxyfile
		Galactic-Shrine.sln.licenseheader = Galactic-Shrine.sln.licenseheader
		LICENSE.md = LICENSE.md
		README.md = README.md
	EndProjectSection
EndProject
Project("{FAE04EC0-301F-11D3-BF4B-00C04F79EFBC}") = "GalacticShrine", "Source\Dll\GalacticShrine\GalacticShrine.csproj", "{67BCEFD5-2892-D849-9F1A-1489EB33F03C}"
EndProject
Project("{FAE04EC0-301F-11D3-BF4B-00C04F79EFBC}") = "GalacticShrine.BaseDeDonnees", "Source\Dll\GalacticShrine.BaseDeDonnees\GalacticShrine.BaseDeDonnees.csproj", "{6E1BD14C-1490-17E6-7A9C-8B7F17EE9F26}"
EndProject
Project("{FAE04EC0-301F-11D3-BF4B-00C04F79EFBC}") = "GalacticShrine.Configuration", "Source\Dll\GalacticShrine.Configuration\GalacticShrine.Configuration.csproj", "{71BE9C5E-DF84-EB57-9659-1877EC05DDF0}"
EndProject
Project("{2150E333-8FDC-42A3-9474-1A3956D46DE8}") = "Example", "Example", "{2125E502-A40A-450B-AFC0-0FAC71FB3607}"
EndProject
Project("{FAE04EC0-301F-11D3-BF4B-00C04F79EFBC}") = "Config.Example", "Source\Programs\Config.Example\Config.Example.csproj", "{B051F9A3-1317-5FAB-7AED-6BC3F9386DFD}"
EndProject
Project("{FAE04EC0-301F-11D3-BF4B-00C04F79EFBC}") = "ConfigIntegre.Example", "Source\Programs\ConfigIntegre.Example\ConfigIntegre.Example.csproj", "{40A42051-F2EC-C4E3-28A8-0B172A0F2CDD}"
EndProject
Project("{FAE04EC0-301F-11D3-BF4B-00C04F79EFBC}") = "ConfigIntegre.Example2", "Source\Programs\ConfigIntegre.Example2\ConfigIntegre.Example2.csproj", "{D16CDAFD-A6BB-A377-F47B-D1E78D320534}"
EndProject
Project("{FAE04EC0-301F-11D3-BF4B-00C04F79EFBC}") = "Terminal.Example", "Source\Programs\Terminal.Example\Terminal.Example.csproj", "{63CA6FFD-C5F5-8B1A-0583-3C5C0950D39B}"
EndProject
Project("{FAE04EC0-301F-11D3-BF4B-00C04F79EFBC}") = "Gs.Lanceur", "Source\Programs\Gs.Lanceur\Gs.Lanceur.csproj", "{86B89039-ACC0-402F-A602-4DEAD1925DA4}"
EndProject
Project("{FAE04EC0-301F-11D3-BF4B-00C04F79EFBC}") = "Gs.LanceurWpf", "Source\Programs\Gs.LanceurWpf\Gs.LanceurWpf.csproj", "{ED2B1B59-57A3-451F-AD25-65BC3B7AF9D9}"
EndProject
Global
	GlobalSection(SolutionConfigurationPlatforms) = preSolution
		Debug|Any CPU = Debug|Any CPU
		Debug|arm = Debug|arm
		Debug|arm64 = Debug|arm64
		Debug|x64 = Debug|x64
		Debug|x86 = Debug|x86
		Release|Any CPU = Release|Any CPU
		Release|arm = Release|arm
		Release|arm64 = Release|arm64
		Release|x64 = Release|x64
		Release|x86 = Release|x86
	EndGlobalSection
	GlobalSection(ProjectConfigurationPlatforms) = postSolution
		{67BCEFD5-2892-D849-9F1A-1489EB33F03C}.Debug|Any CPU.ActiveCfg = Debug|Any CPU
		{67BCEFD5-2892-D849-9F1A-1489EB33F03C}.Debug|Any CPU.Build.0 = Debug|Any CPU
		{67BCEFD5-2892-D849-9F1A-1489EB33F03C}.Debug|arm.ActiveCfg = Debug|arm
		{67BCEFD5-2892-D849-9F1A-1489EB33F03C}.Debug|arm.Build.0 = Debug|arm
		{67BCEFD5-2892-D849-9F1A-1489EB33F03C}.Debug|arm64.ActiveCfg = Debug|arm64
		{67BCEFD5-2892-D849-9F1A-1489EB33F03C}.Debug|arm64.Build.0 = Debug|arm64
		{67BCEFD5-2892-D849-9F1A-1489EB33F03C}.Debug|x64.ActiveCfg = Debug|x64
		{67BCEFD5-2892-D849-9F1A-1489EB33F03C}.Debug|x64.Build.0 = Debug|x64
		{67BCEFD5-2892-D849-9F1A-1489EB33F03C}.Debug|x86.ActiveCfg = Debug|x86
		{67BCEFD5-2892-D849-9F1A-1489EB33F03C}.Debug|x86.Build.0 = Debug|x86
		{67BCEFD5-2892-D849-9F1A-1489EB33F03C}.Release|Any CPU.ActiveCfg = Release|Any CPU
		{67BCEFD5-2892-D849-9F1A-1489EB33F03C}.Release|Any CPU.Build.0 = Release|Any CPU
		{67BCEFD5-2892-D849-9F1A-1489EB33F03C}.Release|arm.ActiveCfg = Release|arm
		{67BCEFD5-2892-D849-9F1A-1489EB33F03C}.Release|arm.Build.0 = Release|arm
		{67BCEFD5-2892-D849-9F1A-1489EB33F03C}.Release|arm64.ActiveCfg = Release|arm64
		{67BCEFD5-2892-D849-9F1A-1489EB33F03C}.Release|arm64.Build.0 = Release|arm64
		{67BCEFD5-2892-D849-9F1A-1489EB33F03C}.Release|x64.ActiveCfg = Release|x64
		{67BCEFD5-2892-D849-9F1A-1489EB33F03C}.Release|x64.Build.0 = Release|x64
		{67BCEFD5-2892-D849-9F1A-1489EB33F03C}.Release|x86.ActiveCfg = Release|x86
		{67BCEFD5-2892-D849-9F1A-1489EB33F03C}.Release|x86.Build.0 = Release|x86
		{6E1BD14C-1490-17E6-7A9C-8B7F17EE9F26}.Debug|Any CPU.ActiveCfg = Debug|Any CPU
		{6E1BD14C-1490-17E6-7A9C-8B7F17EE9F26}.Debug|Any CPU.Build.0 = Debug|Any CPU
		{6E1BD14C-1490-17E6-7A9C-8B7F17EE9F26}.Debug|arm.ActiveCfg = Debug|arm
		{6E1BD14C-1490-17E6-7A9C-8B7F17EE9F26}.Debug|arm.Build.0 = Debug|arm
		{6E1BD14C-1490-17E6-7A9C-8B7F17EE9F26}.Debug|arm64.ActiveCfg = Debug|arm64
		{6E1BD14C-1490-17E6-7A9C-8B7F17EE9F26}.Debug|arm64.Build.0 = Debug|arm64
		{6E1BD14C-1490-17E6-7A9C-8B7F17EE9F26}.Debug|x64.ActiveCfg = Debug|x64
		{6E1BD14C-1490-17E6-7A9C-8B7F17EE9F26}.Debug|x64.Build.0 = Debug|x64
		{6E1BD14C-1490-17E6-7A9C-8B7F17EE9F26}.Debug|x86.ActiveCfg = Debug|x86
		{6E1BD14C-1490-17E6-7A9C-8B7F17EE9F26}.Debug|x86.Build.0 = Debug|x86
		{6E1BD14C-1490-17E6-7A9C-8B7F17EE9F26}.Release|Any CPU.ActiveCfg = Release|Any CPU
		{6E1BD14C-1490-17E6-7A9C-8B7F17EE9F26}.Release|Any CPU.Build.0 = Release|Any CPU
		{6E1BD14C-1490-17E6-7A9C-8B7F17EE9F26}.Release|arm.ActiveCfg = Release|arm
		{6E1BD14C-1490-17E6-7A9C-8B7F17EE9F26}.Release|arm.Build.0 = Release|arm
		{6E1BD14C-1490-17E6-7A9C-8B7F17EE9F26}.Release|arm64.ActiveCfg = Release|arm64
		{6E1BD14C-1490-17E6-7A9C-8B7F17EE9F26}.Release|arm64.Build.0 = Release|arm64
		{6E1BD14C-1490-17E6-7A9C-8B7F17EE9F26}.Release|x64.ActiveCfg = Release|x64
		{6E1BD14C-1490-17E6-7A9C-8B7F17EE9F26}.Release|x64.Build.0 = Release|x64
		{6E1BD14C-1490-17E6-7A9C-8B7F17EE9F26}.Release|x86.ActiveCfg = Release|x86
		{6E1BD14C-1490-17E6-7A9C-8B7F17EE9F26}.Release|x86.Build.0 = Release|x86
		{71BE9C5E-DF84-EB57-9659-1877EC05DDF0}.Debug|Any CPU.ActiveCfg = Debug|Any CPU
		{71BE9C5E-DF84-EB57-9659-1877EC05DDF0}.Debug|Any CPU.Build.0 = Debug|Any CPU
		{71BE9C5E-DF84-EB57-9659-1877EC05DDF0}.Debug|arm.ActiveCfg = Debug|arm
		{71BE9C5E-DF84-EB57-9659-1877EC05DDF0}.Debug|arm.Build.0 = Debug|arm
		{71BE9C5E-DF84-EB57-9659-1877EC05DDF0}.Debug|arm64.ActiveCfg = Debug|arm64
		{71BE9C5E-DF84-EB57-9659-1877EC05DDF0}.Debug|arm64.Build.0 = Debug|arm64
		{71BE9C5E-DF84-EB57-9659-1877EC05DDF0}.Debug|x64.ActiveCfg = Debug|x64
		{71BE9C5E-DF84-EB57-9659-1877EC05DDF0}.Debug|x64.Build.0 = Debug|x64
		{71BE9C5E-DF84-EB57-9659-1877EC05DDF0}.Debug|x86.ActiveCfg = Debug|x86
		{71BE9C5E-DF84-EB57-9659-1877EC05DDF0}.Debug|x86.Build.0 = Debug|x86
		{71BE9C5E-DF84-EB57-9659-1877EC05DDF0}.Release|Any CPU.ActiveCfg = Release|Any CPU
		{71BE9C5E-DF84-EB57-9659-1877EC05DDF0}.Release|Any CPU.Build.0 = Release|Any CPU
		{71BE9C5E-DF84-EB57-9659-1877EC05DDF0}.Release|arm.ActiveCfg = Release|arm
		{71BE9C5E-DF84-EB57-9659-1877EC05DDF0}.Release|arm.Build.0 = Release|arm
		{71BE9C5E-DF84-EB57-9659-1877EC05DDF0}.Release|arm64.ActiveCfg = Release|arm64
		{71BE9C5E-DF84-EB57-9659-1877EC05DDF0}.Release|arm64.Build.0 = Release|arm64
		{71BE9C5E-DF84-EB57-9659-1877EC05DDF0}.Release|x64.ActiveCfg = Release|x64
		{71BE9C5E-DF84-EB57-9659-1877EC05DDF0}.Release|x64.Build.0 = Release|x64
		{71BE9C5E-DF84-EB57-9659-1877EC05DDF0}.Release|x86.ActiveCfg = Release|x86
		{71BE9C5E-DF84-EB57-9659-1877EC05DDF0}.Release|x86.Build.0 = Release|x86
		{B051F9A3-1317-5FAB-7AED-6BC3F9386DFD}.Debug|Any CPU.ActiveCfg = Debug|Any CPU
		{B051F9A3-1317-5FAB-7AED-6BC3F9386DFD}.Debug|Any CPU.Build.0 = Debug|Any CPU
		{B051F9A3-1317-5FAB-7AED-6BC3F9386DFD}.Debug|arm.ActiveCfg = Debug|arm
		{B051F9A3-1317-5FAB-7AED-6BC3F9386DFD}.Debug|arm.Build.0 = Debug|arm
		{B051F9A3-1317-5FAB-7AED-6BC3F9386DFD}.Debug|arm64.ActiveCfg = Debug|arm64
		{B051F9A3-1317-5FAB-7AED-6BC3F9386DFD}.Debug|arm64.Build.0 = Debug|arm64
		{B051F9A3-1317-5FAB-7AED-6BC3F9386DFD}.Debug|x64.ActiveCfg = Debug|x64
		{B051F9A3-1317-5FAB-7AED-6BC3F9386DFD}.Debug|x64.Build.0 = Debug|x64
		{B051F9A3-1317-5FAB-7AED-6BC3F9386DFD}.Debug|x86.ActiveCfg = Debug|x86
		{B051F9A3-1317-5FAB-7AED-6BC3F9386DFD}.Debug|x86.Build.0 = Debug|x86
		{B051F9A3-1317-5FAB-7AED-6BC3F9386DFD}.Release|Any CPU.ActiveCfg = Release|Any CPU
		{B051F9A3-1317-5FAB-7AED-6BC3F9386DFD}.Release|Any CPU.Build.0 = Release|Any CPU
		{B051F9A3-1317-5FAB-7AED-6BC3F9386DFD}.Release|arm.ActiveCfg = Release|arm
		{B051F9A3-1317-5FAB-7AED-6BC3F9386DFD}.Release|arm.Build.0 = Release|arm
		{B051F9A3-1317-5FAB-7AED-6BC3F9386DFD}.Release|arm64.ActiveCfg = Release|arm64
		{B051F9A3-1317-5FAB-7AED-6BC3F9386DFD}.Release|arm64.Build.0 = Release|arm64
		{B051F9A3-1317-5FAB-7AED-6BC3F9386DFD}.Release|x64.ActiveCfg = Release|x64
		{B051F9A3-1317-5FAB-7AED-6BC3F9386DFD}.Release|x64.Build.0 = Release|x64
		{B051F9A3-1317-5FAB-7AED-6BC3F9386DFD}.Release|x86.ActiveCfg = Release|x86
		{B051F9A3-1317-5FAB-7AED-6BC3F9386DFD}.Release|x86.Build.0 = Release|x86
		{40A42051-F2EC-C4E3-28A8-0B172A0F2CDD}.Debug|Any CPU.ActiveCfg = Debug|Any CPU
		{40A42051-F2EC-C4E3-28A8-0B172A0F2CDD}.Debug|Any CPU.Build.0 = Debug|Any CPU
		{40A42051-F2EC-C4E3-28A8-0B172A0F2CDD}.Debug|arm.ActiveCfg = Debug|arm
		{40A42051-F2EC-C4E3-28A8-0B172A0F2CDD}.Debug|arm.Build.0 = Debug|arm
		{40A42051-F2EC-C4E3-28A8-0B172A0F2CDD}.Debug|arm64.ActiveCfg = Debug|arm64
		{40A42051-F2EC-C4E3-28A8-0B172A0F2CDD}.Debug|arm64.Build.0 = Debug|arm64
		{40A42051-F2EC-C4E3-28A8-0B172A0F2CDD}.Debug|x64.ActiveCfg = Debug|x64
		{40A42051-F2EC-C4E3-28A8-0B172A0F2CDD}.Debug|x64.Build.0 = Debug|x64
		{40A42051-F2EC-C4E3-28A8-0B172A0F2CDD}.Debug|x86.ActiveCfg = Debug|x86
		{40A42051-F2EC-C4E3-28A8-0B172A0F2CDD}.Debug|x86.Build.0 = Debug|x86
		{40A42051-F2EC-C4E3-28A8-0B172A0F2CDD}.Release|Any CPU.ActiveCfg = Release|Any CPU
		{40A42051-F2EC-C4E3-28A8-0B172A0F2CDD}.Release|Any CPU.Build.0 = Release|Any CPU
		{40A42051-F2EC-C4E3-28A8-0B172A0F2CDD}.Release|arm.ActiveCfg = Release|arm
		{40A42051-F2EC-C4E3-28A8-0B172A0F2CDD}.Release|arm.Build.0 = Release|arm
		{40A42051-F2EC-C4E3-28A8-0B172A0F2CDD}.Release|arm64.ActiveCfg = Release|arm64
		{40A42051-F2EC-C4E3-28A8-0B172A0F2CDD}.Release|arm64.Build.0 = Release|arm64
		{40A42051-F2EC-C4E3-28A8-0B172A0F2CDD}.Release|x64.ActiveCfg = Release|x64
		{40A42051-F2EC-C4E3-28A8-0B172A0F2CDD}.Release|x64.Build.0 = Release|x64
		{40A42051-F2EC-C4E3-28A8-0B172A0F2CDD}.Release|x86.ActiveCfg = Release|x86
		{40A42051-F2EC-C4E3-28A8-0B172A0F2CDD}.Release|x86.Build.0 = Release|x86
		{D16CDAFD-A6BB-A377-F47B-D1E78D320534}.Debug|Any CPU.ActiveCfg = Debug|Any CPU
		{D16CDAFD-A6BB-A377-F47B-D1E78D320534}.Debug|Any CPU.Build.0 = Debug|Any CPU
		{D16CDAFD-A6BB-A377-F47B-D1E78D320534}.Debug|arm.ActiveCfg = Debug|arm
		{D16CDAFD-A6BB-A377-F47B-D1E78D320534}.Debug|arm.Build.0 = Debug|arm
		{D16CDAFD-A6BB-A377-F47B-D1E78D320534}.Debug|arm64.ActiveCfg = Debug|arm64
		{D16CDAFD-A6BB-A377-F47B-D1E78D320534}.Debug|arm64.Build.0 = Debug|arm64
		{D16CDAFD-A6BB-A377-F47B-D1E78D320534}.Debug|x64.ActiveCfg = Debug|x64
		{D16CDAFD-A6BB-A377-F47B-D1E78D320534}.Debug|x64.Build.0 = Debug|x64
		{D16CDAFD-A6BB-A377-F47B-D1E78D320534}.Debug|x86.ActiveCfg = Debug|x86
		{D16CDAFD-A6BB-A377-F47B-D1E78D320534}.Debug|x86.Build.0 = Debug|x86
		{D16CDAFD-A6BB-A377-F47B-D1E78D320534}.Release|Any CPU.ActiveCfg = Release|Any CPU
		{D16CDAFD-A6BB-A377-F47B-D1E78D320534}.Release|Any CPU.Build.0 = Release|Any CPU
		{D16CDAFD-A6BB-A377-F47B-D1E78D320534}.Release|arm.ActiveCfg = Release|arm
		{D16CDAFD-A6BB-A377-F47B-D1E78D320534}.Release|arm.Build.0 = Release|arm
		{D16CDAFD-A6BB-A377-F47B-D1E78D320534}.Release|arm64.ActiveCfg = Release|arm64
		{D16CDAFD-A6BB-A377-F47B-D1E78D320534}.Release|arm64.Build.0 = Release|arm64
		{D16CDAFD-A6BB-A377-F47B-D1E78D320534}.Release|x64.ActiveCfg = Release|x64
		{D16CDAFD-A6BB-A377-F47B-D1E78D320534}.Release|x64.Build.0 = Release|x64
		{D16CDAFD-A6BB-A377-F47B-D1E78D320534}.Release|x86.ActiveCfg = Release|x86
		{D16CDAFD-A6BB-A377-F47B-D1E78D320534}.Release|x86.Build.0 = Release|x86
		{63CA6FFD-C5F5-8B1A-0583-3C5C0950D39B}.Debug|Any CPU.ActiveCfg = Debug|Any CPU
		{63CA6FFD-C5F5-8B1A-0583-3C5C0950D39B}.Debug|Any CPU.Build.0 = Debug|Any CPU
		{63CA6FFD-C5F5-8B1A-0583-3C5C0950D39B}.Debug|arm.ActiveCfg = Debug|arm
		{63CA6FFD-C5F5-8B1A-0583-3C5C0950D39B}.Debug|arm.Build.0 = Debug|arm
		{63CA6FFD-C5F5-8B1A-0583-3C5C0950D39B}.Debug|arm64.ActiveCfg = Debug|arm64
		{63CA6FFD-C5F5-8B1A-0583-3C5C0950D39B}.Debug|arm64.Build.0 = Debug|arm64
		{63CA6FFD-C5F5-8B1A-0583-3C5C0950D39B}.Debug|x64.ActiveCfg = Debug|x64
		{63CA6FFD-C5F5-8B1A-0583-3C5C0950D39B}.Debug|x64.Build.0 = Debug|x64
		{63CA6FFD-C5F5-8B1A-0583-3C5C0950D39B}.Debug|x86.ActiveCfg = Debug|x86
		{63CA6FFD-C5F5-8B1A-0583-3C5C0950D39B}.Debug|x86.Build.0 = Debug|x86
		{63CA6FFD-C5F5-8B1A-0583-3C5C0950D39B}.Release|Any CPU.ActiveCfg = Release|Any CPU
		{63CA6FFD-C5F5-8B1A-0583-3C5C0950D39B}.Release|Any CPU.Build.0 = Release|Any CPU
		{63CA6FFD-C5F5-8B1A-0583-3C5C0950D39B}.Release|arm.ActiveCfg = Release|arm
		{63CA6FFD-C5F5-8B1A-0583-3C5C0950D39B}.Release|arm.Build.0 = Release|arm
		{63CA6FFD-C5F5-8B1A-0583-3C5C0950D39B}.Release|arm64.ActiveCfg = Release|arm64
		{63CA6FFD-C5F5-8B1A-0583-3C5C0950D39B}.Release|arm64.Build.0 = Release|arm64
		{63CA6FFD-C5F5-8B1A-0583-3C5C0950D39B}.Release|x64.ActiveCfg = Release|x64
		{63CA6FFD-C5F5-8B1A-0583-3C5C0950D39B}.Release|x64.Build.0 = Release|x64
		{63CA6FFD-C5F5-8B1A-0583-3C5C0950D39B}.Release|x86.ActiveCfg = Release|x86
		{63CA6FFD-C5F5-8B1A-0583-3C5C0950D39B}.Release|x86.Build.0 = Release|x86
		{86B89039-ACC0-402F-A602-4DEAD1925DA4}.Debug|Any CPU.ActiveCfg = Debug|Any CPU
		{86B89039-ACC0-402F-A602-4DEAD1925DA4}.Debug|Any CPU.Build.0 = Debug|Any CPU
		{86B89039-ACC0-402F-A602-4DEAD1925DA4}.Debug|arm.ActiveCfg = Debug|arm
		{86B89039-ACC0-402F-A602-4DEAD1925DA4}.Debug|arm.Build.0 = Debug|arm
		{86B89039-ACC0-402F-A602-4DEAD1925DA4}.Debug|arm64.ActiveCfg = Debug|arm64
		{86B89039-ACC0-402F-A602-4DEAD1925DA4}.Debug|arm64.Build.0 = Debug|arm64
		{86B89039-ACC0-402F-A602-4DEAD1925DA4}.Debug|x64.ActiveCfg = Debug|x64
		{86B89039-ACC0-402F-A602-4DEAD1925DA4}.Debug|x64.Build.0 = Debug|x64
		{86B89039-ACC0-402F-A602-4DEAD1925DA4}.Debug|x86.ActiveCfg = Debug|x86
		{86B89039-ACC0-402F-A602-4DEAD1925DA4}.Debug|x86.Build.0 = Debug|x86
		{86B89039-ACC0-402F-A602-4DEAD1925DA4}.Release|Any CPU.ActiveCfg = Release|Any CPU
		{86B89039-ACC0-402F-A602-4DEAD1925DA4}.Release|Any CPU.Build.0 = Release|Any CPU
		{86B89039-ACC0-402F-A602-4DEAD1925DA4}.Release|arm.ActiveCfg = Release|arm
		{86B89039-ACC0-402F-A602-4DEAD1925DA4}.Release|arm.Build.0 = Release|arm
		{86B89039-ACC0-402F-A602-4DEAD1925DA4}.Release|arm64.ActiveCfg = Release|arm64
		{86B89039-ACC0-402F-A602-4DEAD1925DA4}.Release|arm64.Build.0 = Release|arm64
		{86B89039-ACC0-402F-A602-4DEAD1925DA4}.Release|x64.ActiveCfg = Release|x64
		{86B89039-ACC0-402F-A602-4DEAD1925DA4}.Release|x64.Build.0 = Release|x64
		{86B89039-ACC0-402F-A602-4DEAD1925DA4}.Release|x86.ActiveCfg = Release|x86
		{86B89039-ACC0-402F-A602-4DEAD1925DA4}.Release|x86.Build.0 = Release|x86
		{ED2B1B59-57A3-451F-AD25-65BC3B7AF9D9}.Debug|Any CPU.ActiveCfg = Debug|Any CPU
		{ED2B1B59-57A3-451F-AD25-65BC3B7AF9D9}.Debug|Any CPU.Build.0 = Debug|Any CPU
		{ED2B1B59-57A3-451F-AD25-65BC3B7AF9D9}.Debug|arm.ActiveCfg = Debug|arm
		{ED2B1B59-57A3-451F-AD25-65BC3B7AF9D9}.Debug|arm.Build.0 = Debug|arm
		{ED2B1B59-57A3-451F-AD25-65BC3B7AF9D9}.Debug|arm64.ActiveCfg = Debug|arm64
		{ED2B1B59-57A3-451F-AD25-65BC3B7AF9D9}.Debug|arm64.Build.0 = Debug|arm64
		{ED2B1B59-57A3-451F-AD25-65BC3B7AF9D9}.Debug|x64.ActiveCfg = Debug|x64
		{ED2B1B59-57A3-451F-AD25-65BC3B7AF9D9}.Debug|x64.Build.0 = Debug|x64
		{ED2B1B59-57A3-451F-AD25-65BC3B7AF9D9}.Debug|x86.ActiveCfg = Debug|x86
		{ED2B1B59-57A3-451F-AD25-65BC3B7AF9D9}.Debug|x86.Build.0 = Debug|x86
		{ED2B1B59-57A3-451F-AD25-65BC3B7AF9D9}.Release|Any CPU.ActiveCfg = Release|Any CPU
		{ED2B1B59-57A3-451F-AD25-65BC3B7AF9D9}.Release|Any CPU.Build.0 = Release|Any CPU
		{ED2B1B59-57A3-451F-AD25-65BC3B7AF9D9}.Release|arm.ActiveCfg = Release|arm
		{ED2B1B59-57A3-451F-AD25-65BC3B7AF9D9}.Release|arm.Build.0 = Release|arm
		{ED2B1B59-57A3-451F-AD25-65BC3B7AF9D9}.Release|arm64.ActiveCfg = Release|arm64
		{ED2B1B59-57A3-451F-AD25-65BC3B7AF9D9}.Release|arm64.Build.0 = Release|arm64
		{ED2B1B59-57A3-451F-AD25-65BC3B7AF9D9}.Release|x64.ActiveCfg = Release|x64
		{ED2B1B59-57A3-451F-AD25-65BC3B7AF9D9}.Release|x64.Build.0 = Release|x64
		{ED2B1B59-57A3-451F-AD25-65BC3B7AF9D9}.Release|x86.ActiveCfg = Release|x86
		{ED2B1B59-57A3-451F-AD25-65BC3B7AF9D9}.Release|x86.Build.0 = Release|x86
	EndGlobalSection
	GlobalSection(SolutionProperties) = preSolution
		HideSolutionNode = FALSE
	EndGlobalSection
	GlobalSection(NestedProjects) = preSolution
		{67BCEFD5-2892-D849-9F1A-1489EB33F03C} = {02EA681E-C7D8-13C7-8484-4AC65E1B71E8}
		{6E1BD14C-1490-17E6-7A9C-8B7F17EE9F26} = {02EA681E-C7D8-13C7-8484-4AC65E1B71E8}
		{71BE9C5E-DF84-EB57-9659-1877EC05DDF0} = {02EA681E-C7D8-13C7-8484-4AC65E1B71E8}
		{2125E502-A40A-450B-AFC0-0FAC71FB3607} = {96C9FFD4-7A10-4C8A-8424-3C59C827C5B2}
		{B051F9A3-1317-5FAB-7AED-6BC3F9386DFD} = {2125E502-A40A-450B-AFC0-0FAC71FB3607}
		{40A42051-F2EC-C4E3-28A8-0B172A0F2CDD} = {2125E502-A40A-450B-AFC0-0FAC71FB3607}
		{D16CDAFD-A6BB-A377-F47B-D1E78D320534} = {2125E502-A40A-450B-AFC0-0FAC71FB3607}
		{63CA6FFD-C5F5-8B1A-0583-3C5C0950D39B} = {2125E502-A40A-450B-AFC0-0FAC71FB3607}
		{86B89039-ACC0-402F-A602-4DEAD1925DA4} = {96C9FFD4-7A10-4C8A-8424-3C59C827C5B2}
		{ED2B1B59-57A3-451F-AD25-65BC3B7AF9D9} = {96C9FFD4-7A10-4C8A-8424-3C59C827C5B2}
	EndGlobalSection
	GlobalSection(ExtensibilityGlobals) = postSolution
		SolutionGuid = {DBF663F9-0389-419F-A902-88D5A7E761A3}
	EndGlobalSection
EndGlobal
